
Microsoft Visual Studio Solution File, Format Version 11.00
# Visual Studio 2010
Project("{FAE04EC0-301F-11D3-BF4B-00C04F79EFBC}") = "Assembly-CSharp", "Assembly-CSharp.csproj", "{6F4463E7-3050-4780-D9CE-1B33995EB729}"
EndProject
Project("{FAE04EC0-301F-11D3-BF4B-00C04F79EFBC}") = "NavMeshComponents", "NavMeshComponents.csproj", "{82FCEDF7-7D33-501F-709F-AE2A4D379ABB}"
EndProject
Project("{FAE04EC0-301F-11D3-BF4B-00C04F79EFBC}") = "NavMeshComponentsEditor", "NavMeshComponentsEditor.csproj", "{32F1852F-E9F4-567F-0DD0-4D839BFC202F}"
EndProject
Project("{FAE04EC0-301F-11D3-BF4B-00C04F79EFBC}") = "Assembly-CSharp-Editor", "Assembly-CSharp-Editor.csproj", "{753820C5-36AB-67F7-E080-325DF8EA7F2C}"
EndProject
Project("{FAE04EC0-301F-11D3-BF4B-00C04F79EFBC}") = "Unity.2DPlatformer.Tutorials", "Unity.2DPlatformer.Tutorials.csproj", "{490B0E34-712C-B621-882E-5172935041AB}"
EndProject
Global
	GlobalSection(SolutionConfigurationPlatforms) = preSolution
		Debug|Any CPU = Debug|Any CPU
		Release|Any CPU = Release|Any CPU
	EndGlobalSection
	GlobalSection(ProjectConfigurationPlatforms) = postSolution
		{6F4463E7-3050-4780-D9CE-1B33995EB729}.Debug|Any CPU.ActiveCfg = Debug|Any CPU
		{6F4463E7-3050-4780-D9CE-1B33995EB729}.Debug|Any CPU.Build.0 = Debug|Any CPU
		{6F4463E7-3050-4780-D9CE-1B33995EB729}.Release|Any CPU.ActiveCfg = Release|Any CPU
		{6F4463E7-3050-4780-D9CE-1B33995EB729}.Release|Any CPU.Build.0 = Release|Any CPU
		{82FCEDF7-7D33-501F-709F-AE2A4D379ABB}.Debug|Any CPU.ActiveCfg = Debug|Any CPU
		{82FCEDF7-7D33-501F-709F-AE2A4D379ABB}.Debug|Any CPU.Build.0 = Debug|Any CPU
		{82FCEDF7-7D33-501F-709F-AE2A4D379ABB}.Release|Any CPU.ActiveCfg = Release|Any CPU
		{82FCEDF7-7D33-501F-709F-AE2A4D379ABB}.Release|Any CPU.Build.0 = Release|Any CPU
		{32F1852F-E9F4-567F-0DD0-4D839BFC202F}.Debug|Any CPU.ActiveCfg = Debug|Any CPU
		{32F1852F-E9F4-567F-0DD0-4D839BFC202F}.Debug|Any CPU.Build.0 = Debug|Any CPU
		{32F1852F-E9F4-567F-0DD0-4D839BFC202F}.Release|Any CPU.ActiveCfg = Release|Any CPU
		{32F1852F-E9F4-567F-0DD0-4D839BFC202F}.Release|Any CPU.Build.0 = Release|Any CPU
		{753820C5-36AB-67F7-E080-325DF8EA7F2C}.Debug|Any CPU.ActiveCfg = Debug|Any CPU
		{753820C5-36AB-67F7-E080-325DF8EA7F2C}.Debug|Any CPU.Build.0 = Debug|Any CPU
		{753820C5-36AB-67F7-E080-325DF8EA7F2C}.Release|Any CPU.ActiveCfg = Release|Any CPU
		{753820C5-36AB-67F7-E080-325DF8EA7F2C}.Release|Any CPU.Build.0 = Release|Any CPU
		{490B0E34-712C-B621-882E-5172935041AB}.Debug|Any CPU.ActiveCfg = Debug|Any CPU
		{490B0E34-712C-B621-882E-5172935041AB}.Debug|Any CPU.Build.0 = Debug|Any CPU
		{490B0E34-712C-B621-882E-5172935041AB}.Release|Any CPU.ActiveCfg = Release|Any CPU
		{490B0E34-712C-B621-882E-5172935041AB}.Release|Any CPU.Build.0 = Release|Any CPU
	EndGlobalSection
	GlobalSection(SolutionProperties) = preSolution
		HideSolutionNode = FALSE
	EndGlobalSection
EndGlobal
